<?xml version="1.0" encoding="utf-8"?>
<Project ToolsVersion="4.0" xmlns="http://schemas.microsoft.com/developer/msbuild/2003">
  <ItemGroup>
    <ClCompile Include="pch.cpp" />
    <ClCompile Include="PauseN_Tests.cpp" />
  </ItemGroup>
  <ItemGroup>
    <ClInclude Include="pch.h" />
  </ItemGroup>
  <ItemGroup>
    <None Include="packages.config" />
  </ItemGroup>
  <ItemGroup>
    <Text Include="ExpectedOutput\Execute_custom_text_showing_timeout_value_produces_expected_output.txt">
      <Filter>ExpectedOutput</Filter>
    </Text>
    <Text Include="ExpectedOutput\Execute_no_parameters_produces_expected_output.txt">
      <Filter>ExpectedOutput</Filter>
    </Text>
  </ItemGroup>
  <ItemGroup>
    <Filter Include="ExpectedOutput">
      <UniqueIdentifier>{0518a1fa-8716-4dfc-ab8f-95e777f22e86}</UniqueIdentifier>
    </Filter>
  </ItemGroup>
</Project>