<?xml version="1.0" encoding="utf-8"?>
<Project ToolsVersion="4.0" xmlns="http://schemas.microsoft.com/developer/msbuild/2003">
  <ItemGroup>
    <ClCompile Include="DateUtils_Tests.cpp" />
    <ClCompile Include="EnvironmentUtils_Tests.cpp" />
    <ClCompile Include="ListUtils_Tests.cpp" />
    <ClCompile Include="MapUtils_Tests.cpp" />
    <ClCompile Include="MathUtils_Tests.cpp" />
    <ClCompile Include="PathUtils_Tests.cpp" />
    <ClCompile Include="ProcessUtils_Tests.cpp" />
    <ClCompile Include="StringUtils_Tests.cpp" />
    <ClCompile Include="pch.cpp" />
    <ClCompile Include="ConsoleUtils_Tests.cpp" />
    <ClCompile Include="FileUtils_Tests.cpp" />
    <ClCompile Include="CryptoUtils_Tests.cpp" />
    <ClCompile Include="DateTime_Tests.cpp" />
    <ClCompile Include="DirectoryUtils_Tests.cpp" />
    <ClCompile Include="DriveUtils_Tests.cpp" />
  </ItemGroup>
  <ItemGroup>
    <ClInclude Include="pch.h" />
    <ClInclude Include="TestItem.h" />
  </ItemGroup>
  <ItemGroup>
    <None Include="packages.config" />
    <None Include="expected\ConsoleUtils\ShowBlankLines_outputs_the_correct_number_of_lines.expected">
      <Filter>expected\ConsoleUtils</Filter>
    </None>
  </ItemGroup>
  <ItemGroup>
    <Filter Include="expected">
      <UniqueIdentifier>{ae2f2ef3-facf-4b8f-8a7b-41fa4e5ff710}</UniqueIdentifier>
    </Filter>
    <Filter Include="expected\ConsoleUtils">
      <UniqueIdentifier>{ebec877f-46a7-498e-a6de-0cd7d15d3c75}</UniqueIdentifier>
    </Filter>
  </ItemGroup>
</Project>